
Microsoft Visual Studio Solution File, Format Version 12.00
# Visual Studio Version 18
VisualStudioVersion = 18.6.11819.183 stable
MinimumVisualStudioVersion = 10.0.40219.1
Project("{FAE04EC0-301F-11D3-BF4B-00C04F79EFBC}") = "AdaptiveLearningSystem", "AdaptiveLearningSystem.csproj", "{2F07B47C-F8FB-9D3D-B750-380493204053}"
EndProject
Global
	GlobalSection(SolutionConfigurationPlatforms) = preSolution
		Debug|Any CPU = Debug|Any CPU
		Release|Any CPU = Release|Any CPU
	EndGlobalSection
	GlobalSection(ProjectConfigurationPlatforms) = postSolution
		{2F07B47C-F8FB-9D3D-B750-380493204053}.Debug|Any CPU.ActiveCfg = Debug|Any CPU
		{2F07B47C-F8FB-9D3D-B750-380493204053}.Debug|Any CPU.Build.0 = Debug|Any CPU
		{2F07B47C-F8FB-9D3D-B750-380493204053}.Release|Any CPU.ActiveCfg = Release|Any CPU
		{2F07B47C-F8FB-9D3D-B750-380493204053}.Release|Any CPU.Build.0 = Release|Any CPU
	EndGlobalSection
	GlobalSection(SolutionProperties) = preSolution
		HideSolutionNode = FALSE
	EndGlobalSection
	GlobalSection(ExtensibilityGlobals) = postSolution
		SolutionGuid = {FCE957C4-E9E3-450B-8F06-6D5683B34164}
	EndGlobalSection
EndGlobal
